// !$*UTF8*$!
{
	archiveVersion = 1;
	classes = {
	};
	objectVersion = 52;
	objects = {

/* Begin PBXBuildFile section */
		285832C425067E27008D15EF /* AppDelegate.swift in Sources */ = {isa = PBXBuildFile; fileRef = 285832C325067E27008D15EF /* AppDelegate.swift */; };
		285832C625067E27008D15EF /* SceneDelegate.swift in Sources */ = {isa = PBXBuildFile; fileRef = 285832C525067E27008D15EF /* SceneDelegate.swift */; };
		285832C825067E27008D15EF /* ContentView.swift in Sources */ = {isa = PBXBuildFile; fileRef = 285832C725067E27008D15EF /* ContentView.swift */; };
		285832CA25067E29008D15EF /* Assets.xcassets in Resources */ = {isa = PBXBuildFile; fileRef = 285832C925067E29008D15EF /* Assets.xcassets */; };
		285832CD25067E29008D15EF /* Preview Assets.xcassets in Resources */ = {isa = PBXBuildFile; fileRef = 285832CC25067E29008D15EF /* Preview Assets.xcassets */; };
		285832D025067E29008D15EF /* LaunchScreen.storyboard in Resources */ = {isa = PBXBuildFile; fileRef = 285832CE25067E29008D15EF /* LaunchScreen.storyboard */; };
		285832D925067E43008D15EF /* News.swift in Sources */ = {isa = PBXBuildFile; fileRef = 285832D825067E43008D15EF /* News.swift */; };
		285832E1250682B8008D15EF /* SwiftyJSON in Frameworks */ = {isa = PBXBuildFile; productRef = 285832E0250682B8008D15EF /* SwiftyJSON */; };
		285832E525068697008D15EF /* NewsModel.swift in Sources */ = {isa = PBXBuildFile; fileRef = 285832E425068697008D15EF /* NewsModel.swift */; };
		285832E825068BE6008D15EF /* SDWebImageSwiftUI in Frameworks */ = {isa = PBXBuildFile; productRef = 285832E725068BE6008D15EF /* SDWebImageSwiftUI */; };
/* End PBXBuildFile section */

/* Begin PBXFileReference section */
		285832C025067E27008D15EF /* JSONImageLoad.app */ = {isa = PBXFileReference; explicitFileType = wrapper.application; includeInIndex = 0; path = JSONImageLoad.app; sourceTree = BUILT_PRODUCTS_DIR; };
		285832C325067E27008D15EF /* AppDelegate.swift */ = {isa = PBXFileReference; lastKnownFileType = sourcecode.swift; path = AppDelegate.swift; sourceTree = "<group>"; };
		285832C525067E27008D15EF /* SceneDelegate.swift */ = {isa = PBXFileReference; lastKnownFileType = sourcecode.swift; path = SceneDelegate.swift; sourceTree = "<group>"; };
		285832C725067E27008D15EF /* ContentView.swift */ = {isa = PBXFileReference; lastKnownFileType = sourcecode.swift; path = ContentView.swift; sourceTree = "<group>"; };
		285832C925067E29008D15EF /* Assets.xcassets */ = {isa = PBXFileReference; lastKnownFileType = folder.assetcatalog; path = Assets.xcassets; sourceTree = "<group>"; };
		285832CC25067E29008D15EF /* Preview Assets.xcassets */ = {isa = PBXFileReference; lastKnownFileType = folder.assetcatalog; path = "Preview Assets.xcassets"; sourceTree = "<group>"; };
		285832CF25067E29008D15EF /* Base */ = {isa = PBXFileReference; lastKnownFileType = file.storyboard; name = Base; path = Base.lproj/LaunchScreen.storyboard; sourceTree = "<group>"; };
		285832D125067E29008D15EF /* Info.plist */ = {isa = PBXFileReference; lastKnownFileType = text.plist.xml; path = Info.plist; sourceTree = "<group>"; };
		285832D825067E43008D15EF /* News.swift */ = {isa = PBXFileReference; lastKnownFileType = sourcecode.swift; path = News.swift; sourceTree = "<group>"; };
		285832E425068697008D15EF /* NewsModel.swift */ = {isa = PBXFileReference; lastKnownFileType = sourcecode.swift; path = NewsModel.swift; sourceTree = "<group>"; };
/* End PBXFileReference section */

/* Begin PBXFrameworksBuildPhase section */
		285832BD25067E27008D15EF /* Frameworks */ = {
			isa = PBXFrameworksBuildPhase;
			buildActionMask = 2147483647;
			files = (
				285832E825068BE6008D15EF /* SDWebImageSwiftUI in Frameworks */,
				285832E1250682B8008D15EF /* SwiftyJSON in Frameworks */,
			);
			runOnlyForDeploymentPostprocessing = 0;
		};
/* End PBXFrameworksBuildPhase section */

/* Begin PBXGroup section */
		285832B725067E27008D15EF = {
			isa = PBXGroup;
			children = (
				285832C225067E27008D15EF /* JSONImageLoad */,
				285832C125067E27008D15EF /* Products */,
			);
			sourceTree = "<group>";
		};
		285832C125067E27008D15EF /* Products */ = {
			isa = PBXGroup;
			children = (
				285832C025067E27008D15EF /* JSONImageLoad.app */,
			);
			name = Products;
			sourceTree = "<group>";
		};
		285832C225067E27008D15EF /* JSONImageLoad */ = {
			isa = PBXGroup;
			children = (
				285832E325068684008D15EF /* View */,
				285832E22506867D008D15EF /* ViewModel */,
				285832D725067E36008D15EF /* Model */,
				285832C325067E27008D15EF /* AppDelegate.swift */,
				285832C525067E27008D15EF /* SceneDelegate.swift */,
				285832C925067E29008D15EF /* Assets.xcassets */,
				285832CE25067E29008D15EF /* LaunchScreen.storyboard */,
				285832D125067E29008D15EF /* Info.plist */,
				285832CB25067E29008D15EF /* Preview Content */,
			);
			path = JSONImageLoad;
			sourceTree = "<group>";
		};
		285832CB25067E29008D15EF /* Preview Content */ = {
			isa = PBXGroup;
			children = (
				285832CC25067E29008D15EF /* Preview Assets.xcassets */,
			);
			path = "Preview Content";
			sourceTree = "<group>";
		};
		285832D725067E36008D15EF /* Model */ = {
			isa = PBXGroup;
			children = (
				285832D825067E43008D15EF /* News.swift */,
			);
			path = Model;
			sourceTree = "<group>";
		};
		285832E22506867D008D15EF /* ViewModel */ = {
			isa = PBXGroup;
			children = (
				285832E425068697008D15EF /* NewsModel.swift */,
			);
			path = ViewModel;
			sourceTree = "<group>";
		};
		285832E325068684008D15EF /* View */ = {
			isa = PBXGroup;
			children = (
				285832C725067E27008D15EF /* ContentView.swift */,
			);
			path = View;
			sourceTree = "<group>";
		};
/* End PBXGroup section */

/* Begin PBXNativeTarget section */
		285832BF25067E27008D15EF /* JSONImageLoad */ = {
			isa = PBXNativeTarget;
			buildConfigurationList = 285832D425067E29008D15EF /* Build configuration list for PBXNativeTarget "JSONImageLoad" */;
			buildPhases = (
				285832BC25067E27008D15EF /* Sources */,
				285832BD25067E27008D15EF /* Frameworks */,
				285832BE25067E27008D15EF /* Resources */,
			);
			buildRules = (
			);
			dependencies = (
			);
			name = JSONImageLoad;
			packageProductDependencies = (
				285832E0250682B8008D15EF /* SwiftyJSON */,
				285832E725068BE6008D15EF /* SDWebImageSwiftUI */,
			);
			productName = JSONImageLoad;
			productReference = 285832C025067E27008D15EF /* JSONImageLoad.app */;
			productType = "com.apple.product-type.application";
		};
/* End PBXNativeTarget section */

/* Begin PBXProject section */
		285832B825067E27008D15EF /* Project object */ = {
			isa = PBXProject;
			attributes = {
				LastSwiftUpdateCheck = 1160;
				LastUpgradeCheck = 1160;
				ORGANIZATIONNAME = "Banyu Center";
				TargetAttributes = {
					285832BF25067E27008D15EF = {
						CreatedOnToolsVersion = 11.6;
					};
				};
			};
			buildConfigurationList = 285832BB25067E27008D15EF /* Build configuration list for PBXProject "JSONImageLoad" */;
			compatibilityVersion = "Xcode 9.3";
			developmentRegion = en;
			hasScannedForEncodings = 0;
			knownRegions = (
				en,
				Base,
			);
			mainGroup = 285832B725067E27008D15EF;
			packageReferences = (
				285832DF250682B8008D15EF /* XCRemoteSwiftPackageReference "SwiftyJSON" */,
				285832E625068BE6008D15EF /* XCRemoteSwiftPackageReference "SDWebImageSwiftUI" */,
			);
			productRefGroup = 285832C125067E27008D15EF /* Products */;
			projectDirPath = "";
			projectRoot = "";
			targets = (
				285832BF25067E27008D15EF /* JSONImageLoad */,
			);
		};
/* End PBXProject section */

/* Begin PBXResourcesBuildPhase section */
		285832BE25067E27008D15EF /* Resources */ = {
			isa = PBXResourcesBuildPhase;
			buildActionMask = 2147483647;
			files = (
				285832D025067E29008D15EF /* LaunchScreen.storyboard in Resources */,
				285832CD25067E29008D15EF /* Preview Assets.xcassets in Resources */,
				285832CA25067E29008D15EF /* Assets.xcassets in Resources */,
			);
			runOnlyForDeploymentPostprocessing = 0;
		};
/* End PBXResourcesBuildPhase section */

/* Begin PBXSourcesBuildPhase section */
		285832BC25067E27008D15EF /* Sources */ = {
			isa = PBXSourcesBuildPhase;
			buildActionMask = 2147483647;
			files = (
				285832C425067E27008D15EF /* AppDelegate.swift in Sources */,
				285832D925067E43008D15EF /* News.swift in Sources */,
				285832C625067E27008D15EF /* SceneDelegate.swift in Sources */,
				285832C825067E27008D15EF /* ContentView.swift in Sources */,
				285832E525068697008D15EF /* NewsModel.swift in Sources */,
			);
			runOnlyForDeploymentPostprocessing = 0;
		};
/* End PBXSourcesBuildPhase section */

/* Begin PBXVariantGroup section */
		285832CE25067E29008D15EF /* LaunchScreen.storyboard */ = {
			isa = PBXVariantGroup;
			children = (
				285832CF25067E29008D15EF /* Base */,
			);
			name = LaunchScreen.storyboard;
			sourceTree = "<group>";
		};
/* End PBXVariantGroup section */

/* Begin XCBuildConfiguration section */
		285832D225067E29008D15EF /* Debug */ = {
			isa = XCBuildConfiguration;
			buildSettings = {
				ALWAYS_SEARCH_USER_PATHS = NO;
				CLANG_ANALYZER_NONNULL = YES;
				CLANG_ANALYZER_NUMBER_OBJECT_CONVERSION = YES_AGGRESSIVE;
				CLANG_CXX_LANGUAGE_STANDARD = "gnu++14";
				CLANG_CXX_LIBRARY = "libc++";
				CLANG_ENABLE_MODULES = YES;
				CLANG_ENABLE_OBJC_ARC = YES;
				CLANG_ENABLE_OBJC_WEAK = YES;
				CLANG_WARN_BLOCK_CAPTURE_AUTORELEASING = YES;
				CLANG_WARN_BOOL_CONVERSION = YES;
				CLANG_WARN_COMMA = YES;
				CLANG_WARN_CONSTANT_CONVERSION = YES;
				CLANG_WARN_DEPRECATED_OBJC_IMPLEMENTATIONS = YES;
				CLANG_WARN_DIRECT_OBJC_ISA_USAGE = YES_ERROR;
				CLANG_WARN_DOCUMENTATION_COMMENTS = YES;
				CLANG_WARN_EMPTY_BODY = YES;
				CLANG_WARN_ENUM_CONVERSION = YES;
				CLANG_WARN_INFINITE_RECURSION = YES;
				CLANG_WARN_INT_CONVERSION = YES;
				CLANG_WARN_NON_LITERAL_NULL_CONVERSION = YES;
				CLANG_WARN_OBJC_IMPLICIT_RETAIN_SELF = YES;
				CLANG_WARN_OBJC_LITERAL_CONVERSION = YES;
				CLANG_WARN_OBJC_ROOT_CLASS = YES_ERROR;
				CLANG_WARN_RANGE_LOOP_ANALYSIS = YES;
				CLANG_WARN_STRICT_PROTOTYPES = YES;
				CLANG_WARN_SUSPICIOUS_MOVE = YES;
				CLANG_WARN_UNGUARDED_AVAILABILITY = YES_AGGRESSIVE;
				CLANG_WARN_UNREACHABLE_CODE = YES;
				CLANG_WARN__DUPLICATE_METHOD_MATCH = YES;
				COPY_PHASE_STRIP = NO;
				DEBUG_INFORMATION_FORMAT = dwarf;
				ENABLE_STRICT_OBJC_MSGSEND = YES;
				ENABLE_TESTABILITY = YES;
				GCC_C_LANGUAGE_STANDARD = gnu11;
				GCC_DYNAMIC_NO_PIC = NO;
				GCC_NO_COMMON_BLOCKS = YES;
				GCC_OPTIMIZATION_LEVEL = 0;
				GCC_PREPROCESSOR_DEFINITIONS = (
					"DEBUG=1",
					"$(inherited)",
				);
				GCC_WARN_64_TO_32_BIT_CONVERSION = YES;
				GCC_WARN_ABOUT_RETURN_TYPE = YES_ERROR;
				GCC_WARN_UNDECLARED_SELECTOR = YES;
				GCC_WARN_UNINITIALIZED_AUTOS = YES_AGGRESSIVE;
				GCC_WARN_UNUSED_FUNCTION = YES;
				GCC_WARN_UNUSED_VARIABLE = YES;
				IPHONEOS_DEPLOYMENT_TARGET = 13.6;
				MTL_ENABLE_DEBUG_INFO = INCLUDE_SOURCE;
				MTL_FAST_MATH = YES;
				ONLY_ACTIVE_ARCH = YES;
				SDKROOT = iphoneos;
				SWIFT_ACTIVE_COMPILATION_CONDITIONS = DEBUG;
				SWIFT_OPTIMIZATION_LEVEL = "-Onone";
			};
			name = Debug;
		};
		285832D325067E29008D15EF /* Release */ = {
			isa = XCBuildConfiguration;
			buildSettings = {
				ALWAYS_SEARCH_USER_PATHS = NO;
				CLANG_ANALYZER_NONNULL = YES;
				CLANG_ANALYZER_NUMBER_OBJECT_CONVERSION = YES_AGGRESSIVE;
				CLANG_CXX_LANGUAGE_STANDARD = "gnu++14";
				CLANG_CXX_LIBRARY = "libc++";
				CLANG_ENABLE_MODULES = YES;
				CLANG_ENABLE_OBJC_ARC = YES;
				CLANG_ENABLE_OBJC_WEAK = YES;
				CLANG_WARN_BLOCK_CAPTURE_AUTORELEASING = YES;
				CLANG_WARN_BOOL_CONVERSION = YES;
				CLANG_WARN_COMMA = YES;
				CLANG_WARN_CONSTANT_CONVERSION = YES;
				CLANG_WARN_DEPRECATED_OBJC_IMPLEMENTATIONS = YES;
				CLANG_WARN_DIRECT_OBJC_ISA_USAGE = YES_ERROR;
				CLANG_WARN_DOCUMENTATION_COMMENTS = YES;
				CLANG_WARN_EMPTY_BODY = YES;
				CLANG_WARN_ENUM_CONVERSION = YES;
				CLANG_WARN_INFINITE_RECURSION = YES;
				CLANG_WARN_INT_CONVERSION = YES;
				CLANG_WARN_NON_LITERAL_NULL_CONVERSION = YES;
				CLANG_WARN_OBJC_IMPLICIT_RETAIN_SELF = YES;
				CLANG_WARN_OBJC_LITERAL_CONVERSION = YES;
				CLANG_WARN_OBJC_ROOT_CLASS = YES_ERROR;
				CLANG_WARN_RANGE_LOOP_ANALYSIS = YES;
				CLANG_WARN_STRICT_PROTOTYPES = YES;
				CLANG_WARN_SUSPICIOUS_MOVE = YES;
				CLANG_WARN_UNGUARDED_AVAILABILITY = YES_AGGRESSIVE;
				CLANG_WARN_UNREACHABLE_CODE = YES;
				CLANG_WARN__DUPLICATE_METHOD_MATCH = YES;
				COPY_PHASE_STRIP = NO;
				DEBUG_INFORMATION_FORMAT = "dwarf-with-dsym";
				ENABLE_NS_ASSERTIONS = NO;
				ENABLE_STRICT_OBJC_MSGSEND = YES;
				GCC_C_LANGUAGE_STANDARD = gnu11;
				GCC_NO_COMMON_BLOCKS = YES;
				GCC_WARN_64_TO_32_BIT_CONVERSION = YES;
				GCC_WARN_ABOUT_RETURN_TYPE = YES_ERROR;
				GCC_WARN_UNDECLARED_SELECTOR = YES;
				GCC_WARN_UNINITIALIZED_AUTOS = YES_AGGRESSIVE;
				GCC_WARN_UNUSED_FUNCTION = YES;
				GCC_WARN_UNUSED_VARIABLE = YES;
				IPHONEOS_DEPLOYMENT_TARGET = 13.6;
				MTL_ENABLE_DEBUG_INFO = NO;
				MTL_FAST_MATH = YES;
				SDKROOT = iphoneos;
				SWIFT_COMPILATION_MODE = wholemodule;
				SWIFT_OPTIMIZATION_LEVEL = "-O";
				VALIDATE_PRODUCT = YES;
			};
			name = Release;
		};
		285832D525067E29008D15EF /* Debug */ = {
			isa = XCBuildConfiguration;
			buildSettings = {
				ASSETCATALOG_COMPILER_APPICON_NAME = AppIcon;
				CODE_SIGN_STYLE = Automatic;
				DEVELOPMENT_ASSET_PATHS = "\"JSONImageLoad/Preview Content\"";
				DEVELOPMENT_TEAM = MD6F3HKY93;
				ENABLE_PREVIEWS = YES;
				INFOPLIST_FILE = JSONImageLoad/Info.plist;
				LD_RUNPATH_SEARCH_PATHS = (
					"$(inherited)",
					"@executable_path/Frameworks",
				);
				PRODUCT_BUNDLE_IDENTIFIER = com.ipungdev.JSONImageLoad;
				PRODUCT_NAME = "$(TARGET_NAME)";
				SWIFT_VERSION = 5.0;
				TARGETED_DEVICE_FAMILY = "1,2";
			};
			name = Debug;
		};
		285832D625067E29008D15EF /* Release */ = {
			isa = XCBuildConfiguration;
			buildSettings = {
				ASSETCATALOG_COMPILER_APPICON_NAME = AppIcon;
				CODE_SIGN_STYLE = Automatic;
				DEVELOPMENT_ASSET_PATHS = "\"JSONImageLoad/Preview Content\"";
				DEVELOPMENT_TEAM = MD6F3HKY93;
				ENABLE_PREVIEWS = YES;
				INFOPLIST_FILE = JSONImageLoad/Info.plist;
				LD_RUNPATH_SEARCH_PATHS = (
					"$(inherited)",
					"@executable_path/Frameworks",
				);
				PRODUCT_BUNDLE_IDENTIFIER = com.ipungdev.JSONImageLoad;
				PRODUCT_NAME = "$(TARGET_NAME)";
				SWIFT_VERSION = 5.0;
				TARGETED_DEVICE_FAMILY = "1,2";
			};
			name = Release;
		};
/* End XCBuildConfiguration section */

/* Begin XCConfigurationList section */
		285832BB25067E27008D15EF /* Build configuration list for PBXProject "JSONImageLoad" */ = {
			isa = XCConfigurationList;
			buildConfigurations = (
				285832D225067E29008D15EF /* Debug */,
				285832D325067E29008D15EF /* Release */,
			);
			defaultConfigurationIsVisible = 0;
			defaultConfigurationName = Release;
		};
		285832D425067E29008D15EF /* Build configuration list for PBXNativeTarget "JSONImageLoad" */ = {
			isa = XCConfigurationList;
			buildConfigurations = (
				285832D525067E29008D15EF /* Debug */,
				285832D625067E29008D15EF /* Release */,
			);
			defaultConfigurationIsVisible = 0;
			defaultConfigurationName = Release;
		};
/* End XCConfigurationList section */

/* Begin XCRemoteSwiftPackageReference section */
		285832DF250682B8008D15EF /* XCRemoteSwiftPackageReference "SwiftyJSON" */ = {
			isa = XCRemoteSwiftPackageReference;
			repositoryURL = "https://github.com/SwiftyJSON/SwiftyJSON.git";
			requirement = {
				kind = upToNextMajorVersion;
				minimumVersion = 5.0.0;
			};
		};
		285832E625068BE6008D15EF /* XCRemoteSwiftPackageReference "SDWebImageSwiftUI" */ = {
			isa = XCRemoteSwiftPackageReference;
			repositoryURL = "https://github.com/SDWebImage/SDWebImageSwiftUI.git";
			requirement = {
				kind = upToNextMajorVersion;
				minimumVersion = 1.5.0;
			};
		};
/* End XCRemoteSwiftPackageReference section */

/* Begin XCSwiftPackageProductDependency section */
		285832E0250682B8008D15EF /* SwiftyJSON */ = {
			isa = XCSwiftPackageProductDependency;
			package = 285832DF250682B8008D15EF /* XCRemoteSwiftPackageReference "SwiftyJSON" */;
			productName = SwiftyJSON;
		};
		285832E725068BE6008D15EF /* SDWebImageSwiftUI */ = {
			isa = XCSwiftPackageProductDependency;
			package = 285832E625068BE6008D15EF /* XCRemoteSwiftPackageReference "SDWebImageSwiftUI" */;
			productName = SDWebImageSwiftUI;
		};
/* End XCSwiftPackageProductDependency section */
	};
	rootObject = 285832B825067E27008D15EF /* Project object */;
}
